// !$*UTF8*$!
{
	archiveVersion = 1;
	classes = {
	};
	objectVersion = 48;
	objects = {

/* Begin PBXBuildFile section */
		A55815F11FEADAED000A3391 /* AuthVC.swift in Sources */ = {isa = PBXBuildFile; fileRef = A55815F01FEADAED000A3391 /* AuthVC.swift */; };
		A55815F31FEADBBF000A3391 /* LoginVC.swift in Sources */ = {isa = PBXBuildFile; fileRef = A55815F21FEADBBF000A3391 /* LoginVC.swift */; };
		A55815F51FEADCA3000A3391 /* InsetTextField.swift in Sources */ = {isa = PBXBuildFile; fileRef = A55815F41FEADCA3000A3391 /* InsetTextField.swift */; };
		A55815F71FEAE28E000A3391 /* ShadowView.swift in Sources */ = {isa = PBXBuildFile; fileRef = A55815F61FEAE28E000A3391 /* ShadowView.swift */; };
		A55815F91FEAE8BE000A3391 /* AuthService.swift in Sources */ = {isa = PBXBuildFile; fileRef = A55815F81FEAE8BE000A3391 /* AuthService.swift */; };
		A55815FB1FEB1EF3000A3391 /* MeVC.swift in Sources */ = {isa = PBXBuildFile; fileRef = A55815FA1FEB1EF3000A3391 /* MeVC.swift */; };
		A55815FD1FEB28C8000A3391 /* CreatePostVC.swift in Sources */ = {isa = PBXBuildFile; fileRef = A55815FC1FEB28C8000A3391 /* CreatePostVC.swift */; };
		A55815FF1FEB30EE000A3391 /* UIViewExt.swift in Sources */ = {isa = PBXBuildFile; fileRef = A55815FE1FEB30EE000A3391 /* UIViewExt.swift */; };
		A59B1E361FEBF93A0086D827 /* FeedCell.swift in Sources */ = {isa = PBXBuildFile; fileRef = A59B1E351FEBF93A0086D827 /* FeedCell.swift */; };
		A59B1E381FEBFB370086D827 /* Message.swift in Sources */ = {isa = PBXBuildFile; fileRef = A59B1E371FEBFB370086D827 /* Message.swift */; };
		A59B1E3A1FEC1E130086D827 /* CreateGroupsVC.swift in Sources */ = {isa = PBXBuildFile; fileRef = A59B1E391FEC1E130086D827 /* CreateGroupsVC.swift */; };
		A59B1E3C1FEC2CC20086D827 /* UserCell.swift in Sources */ = {isa = PBXBuildFile; fileRef = A59B1E3B1FEC2CC20086D827 /* UserCell.swift */; };
		A59B1E3E1FEC72BC0086D827 /* GroupCell.swift in Sources */ = {isa = PBXBuildFile; fileRef = A59B1E3D1FEC72BC0086D827 /* GroupCell.swift */; };
		A59B1E401FEC854A0086D827 /* Group.swift in Sources */ = {isa = PBXBuildFile; fileRef = A59B1E3F1FEC854A0086D827 /* Group.swift */; };
		A59B1E421FEC91270086D827 /* GroupFeedCell.swift in Sources */ = {isa = PBXBuildFile; fileRef = A59B1E411FEC91270086D827 /* GroupFeedCell.swift */; };
		A59B1E441FEC91CD0086D827 /* GroupViewVC.swift in Sources */ = {isa = PBXBuildFile; fileRef = A59B1E431FEC91CD0086D827 /* GroupViewVC.swift */; };
		A5D9CE8B1FE9D461002AF161 /* AppDelegate.swift in Sources */ = {isa = PBXBuildFile; fileRef = A5D9CE8A1FE9D461002AF161 /* AppDelegate.swift */; };
		A5D9CE8D1FE9D461002AF161 /* FeedVC.swift in Sources */ = {isa = PBXBuildFile; fileRef = A5D9CE8C1FE9D461002AF161 /* FeedVC.swift */; };
		A5D9CE8F1FE9D461002AF161 /* GroupsVC.swift in Sources */ = {isa = PBXBuildFile; fileRef = A5D9CE8E1FE9D461002AF161 /* GroupsVC.swift */; };
		A5D9CE921FE9D461002AF161 /* Main.storyboard in Resources */ = {isa = PBXBuildFile; fileRef = A5D9CE901FE9D461002AF161 /* Main.storyboard */; };
		A5D9CE941FE9D461002AF161 /* Assets.xcassets in Resources */ = {isa = PBXBuildFile; fileRef = A5D9CE931FE9D461002AF161 /* Assets.xcassets */; };
		A5D9CE971FE9D461002AF161 /* LaunchScreen.storyboard in Resources */ = {isa = PBXBuildFile; fileRef = A5D9CE951FE9D461002AF161 /* LaunchScreen.storyboard */; };
		A5D9CEA41FE9DB2A002AF161 /* GoogleService-Info.plist in Resources */ = {isa = PBXBuildFile; fileRef = A5D9CEA31FE9DB2A002AF161 /* GoogleService-Info.plist */; };
		A5D9CEA61FE9DE99002AF161 /* DataService.swift in Sources */ = {isa = PBXBuildFile; fileRef = A5D9CEA51FE9DE99002AF161 /* DataService.swift */; };
		E7E1E676886849745168028E /* Pods_breakpoint.framework in Frameworks */ = {isa = PBXBuildFile; fileRef = 33EAEB35E7B0433BF6B71B92 /* Pods_breakpoint.framework */; };
/* End PBXBuildFile section */

/* Begin PBXFileReference section */
		33EAEB35E7B0433BF6B71B92 /* Pods_breakpoint.framework */ = {isa = PBXFileReference; explicitFileType = wrapper.framework; includeInIndex = 0; path = Pods_breakpoint.framework; sourceTree = BUILT_PRODUCTS_DIR; };
		4BCBE80BC9BA4A29242E95D2 /* Pods-breakpoint.release.xcconfig */ = {isa = PBXFileReference; includeInIndex = 1; lastKnownFileType = text.xcconfig; name = "Pods-breakpoint.release.xcconfig"; path = "Pods/Target Support Files/Pods-breakpoint/Pods-breakpoint.release.xcconfig"; sourceTree = "<group>"; };
		A55815F01FEADAED000A3391 /* AuthVC.swift */ = {isa = PBXFileReference; lastKnownFileType = sourcecode.swift; path = AuthVC.swift; sourceTree = "<group>"; };
		A55815F21FEADBBF000A3391 /* LoginVC.swift */ = {isa = PBXFileReference; lastKnownFileType = sourcecode.swift; path = LoginVC.swift; sourceTree = "<group>"; };
		A55815F41FEADCA3000A3391 /* InsetTextField.swift */ = {isa = PBXFileReference; lastKnownFileType = sourcecode.swift; path = InsetTextField.swift; sourceTree = "<group>"; };
		A55815F61FEAE28E000A3391 /* ShadowView.swift */ = {isa = PBXFileReference; lastKnownFileType = sourcecode.swift; path = ShadowView.swift; sourceTree = "<group>"; };
		A55815F81FEAE8BE000A3391 /* AuthService.swift */ = {isa = PBXFileReference; lastKnownFileType = sourcecode.swift; path = AuthService.swift; sourceTree = "<group>"; };
		A55815FA1FEB1EF3000A3391 /* MeVC.swift */ = {isa = PBXFileReference; lastKnownFileType = sourcecode.swift; path = MeVC.swift; sourceTree = "<group>"; };
		A55815FC1FEB28C8000A3391 /* CreatePostVC.swift */ = {isa = PBXFileReference; lastKnownFileType = sourcecode.swift; path = CreatePostVC.swift; sourceTree = "<group>"; };
		A55815FE1FEB30EE000A3391 /* UIViewExt.swift */ = {isa = PBXFileReference; lastKnownFileType = sourcecode.swift; path = UIViewExt.swift; sourceTree = "<group>"; };
		A59B1E351FEBF93A0086D827 /* FeedCell.swift */ = {isa = PBXFileReference; lastKnownFileType = sourcecode.swift; path = FeedCell.swift; sourceTree = "<group>"; };
		A59B1E371FEBFB370086D827 /* Message.swift */ = {isa = PBXFileReference; lastKnownFileType = sourcecode.swift; path = Message.swift; sourceTree = "<group>"; };
		A59B1E391FEC1E130086D827 /* CreateGroupsVC.swift */ = {isa = PBXFileReference; lastKnownFileType = sourcecode.swift; path = CreateGroupsVC.swift; sourceTree = "<group>"; };
		A59B1E3B1FEC2CC20086D827 /* UserCell.swift */ = {isa = PBXFileReference; lastKnownFileType = sourcecode.swift; path = UserCell.swift; sourceTree = "<group>"; };
		A59B1E3D1FEC72BC0086D827 /* GroupCell.swift */ = {isa = PBXFileReference; lastKnownFileType = sourcecode.swift; path = GroupCell.swift; sourceTree = "<group>"; };
		A59B1E3F1FEC854A0086D827 /* Group.swift */ = {isa = PBXFileReference; lastKnownFileType = sourcecode.swift; path = Group.swift; sourceTree = "<group>"; };
		A59B1E411FEC91270086D827 /* GroupFeedCell.swift */ = {isa = PBXFileReference; lastKnownFileType = sourcecode.swift; path = GroupFeedCell.swift; sourceTree = "<group>"; };
		A59B1E431FEC91CD0086D827 /* GroupViewVC.swift */ = {isa = PBXFileReference; lastKnownFileType = sourcecode.swift; path = GroupViewVC.swift; sourceTree = "<group>"; };
		A5D9CE871FE9D461002AF161 /* breakpoint.app */ = {isa = PBXFileReference; explicitFileType = wrapper.application; includeInIndex = 0; path = breakpoint.app; sourceTree = BUILT_PRODUCTS_DIR; };
		A5D9CE8A1FE9D461002AF161 /* AppDelegate.swift */ = {isa = PBXFileReference; lastKnownFileType = sourcecode.swift; path = AppDelegate.swift; sourceTree = "<group>"; };
		A5D9CE8C1FE9D461002AF161 /* FeedVC.swift */ = {isa = PBXFileReference; lastKnownFileType = sourcecode.swift; path = FeedVC.swift; sourceTree = "<group>"; };
		A5D9CE8E1FE9D461002AF161 /* GroupsVC.swift */ = {isa = PBXFileReference; lastKnownFileType = sourcecode.swift; path = GroupsVC.swift; sourceTree = "<group>"; };
		A5D9CE911FE9D461002AF161 /* Base */ = {isa = PBXFileReference; lastKnownFileType = file.storyboard; name = Base; path = Base.lproj/Main.storyboard; sourceTree = "<group>"; };
		A5D9CE931FE9D461002AF161 /* Assets.xcassets */ = {isa = PBXFileReference; lastKnownFileType = folder.assetcatalog; path = Assets.xcassets; sourceTree = "<group>"; };
		A5D9CE961FE9D461002AF161 /* Base */ = {isa = PBXFileReference; lastKnownFileType = file.storyboard; name = Base; path = Base.lproj/LaunchScreen.storyboard; sourceTree = "<group>"; };
		A5D9CE981FE9D461002AF161 /* Info.plist */ = {isa = PBXFileReference; lastKnownFileType = text.plist.xml; path = Info.plist; sourceTree = "<group>"; };
		A5D9CEA31FE9DB2A002AF161 /* GoogleService-Info.plist */ = {isa = PBXFileReference; fileEncoding = 4; lastKnownFileType = text.plist.xml; path = "GoogleService-Info.plist"; sourceTree = "<group>"; };
		A5D9CEA51FE9DE99002AF161 /* DataService.swift */ = {isa = PBXFileReference; lastKnownFileType = sourcecode.swift; path = DataService.swift; sourceTree = "<group>"; };
		ABD3EB7E9C3DFD53C816401A /* Pods-breakpoint.debug.xcconfig */ = {isa = PBXFileReference; includeInIndex = 1; lastKnownFileType = text.xcconfig; name = "Pods-breakpoint.debug.xcconfig"; path = "Pods/Target Support Files/Pods-breakpoint/Pods-breakpoint.debug.xcconfig"; sourceTree = "<group>"; };
/* End PBXFileReference section */

/* Begin PBXFrameworksBuildPhase section */
		A5D9CE841FE9D461002AF161 /* Frameworks */ = {
			isa = PBXFrameworksBuildPhase;
			buildActionMask = 2147483647;
			files = (
				E7E1E676886849745168028E /* Pods_breakpoint.framework in Frameworks */,
			);
			runOnlyForDeploymentPostprocessing = 0;
		};
/* End PBXFrameworksBuildPhase section */

/* Begin PBXGroup section */
		24BA8AEB069D529DAFA72D73 /* Pods */ = {
			isa = PBXGroup;
			children = (
				ABD3EB7E9C3DFD53C816401A /* Pods-breakpoint.debug.xcconfig */,
				4BCBE80BC9BA4A29242E95D2 /* Pods-breakpoint.release.xcconfig */,
			);
			name = Pods;
			sourceTree = "<group>";
		};
		2FD20DCD34118FBB0D1CE37A /* Frameworks */ = {
			isa = PBXGroup;
			children = (
				33EAEB35E7B0433BF6B71B92 /* Pods_breakpoint.framework */,
			);
			name = Frameworks;
			sourceTree = "<group>";
		};
		A5D9CE7E1FE9D461002AF161 = {
			isa = PBXGroup;
			children = (
				A5D9CE891FE9D461002AF161 /* breakpoint */,
				A5D9CE881FE9D461002AF161 /* Products */,
				24BA8AEB069D529DAFA72D73 /* Pods */,
				2FD20DCD34118FBB0D1CE37A /* Frameworks */,
			);
			sourceTree = "<group>";
		};
		A5D9CE881FE9D461002AF161 /* Products */ = {
			isa = PBXGroup;
			children = (
				A5D9CE871FE9D461002AF161 /* breakpoint.app */,
			);
			name = Products;
			sourceTree = "<group>";
		};
		A5D9CE891FE9D461002AF161 /* breakpoint */ = {
			isa = PBXGroup;
			children = (
				A5D9CEA21FE9D54B002AF161 /* Services */,
				A5D9CEA11FE9D523002AF161 /* Extensions */,
				A5D9CEA01FE9D50E002AF161 /* Model */,
				A5D9CE9F1FE9D504002AF161 /* View */,
				A5D9CE9E1FE9D4EF002AF161 /* Controller */,
				A5D9CE8A1FE9D461002AF161 /* AppDelegate.swift */,
				A5D9CE901FE9D461002AF161 /* Main.storyboard */,
				A5D9CE931FE9D461002AF161 /* Assets.xcassets */,
				A5D9CE951FE9D461002AF161 /* LaunchScreen.storyboard */,
				A5D9CE981FE9D461002AF161 /* Info.plist */,
				A5D9CEA31FE9DB2A002AF161 /* GoogleService-Info.plist */,
			);
			path = breakpoint;
			sourceTree = "<group>";
		};
		A5D9CE9E1FE9D4EF002AF161 /* Controller */ = {
			isa = PBXGroup;
			children = (
				A5D9CE8C1FE9D461002AF161 /* FeedVC.swift */,
				A5D9CE8E1FE9D461002AF161 /* GroupsVC.swift */,
				A55815F01FEADAED000A3391 /* AuthVC.swift */,
				A55815F21FEADBBF000A3391 /* LoginVC.swift */,
				A55815FA1FEB1EF3000A3391 /* MeVC.swift */,
				A55815FC1FEB28C8000A3391 /* CreatePostVC.swift */,
				A59B1E391FEC1E130086D827 /* CreateGroupsVC.swift */,
				A59B1E431FEC91CD0086D827 /* GroupViewVC.swift */,
			);
			path = Controller;
			sourceTree = "<group>";
		};
		A5D9CE9F1FE9D504002AF161 /* View */ = {
			isa = PBXGroup;
			children = (
				A55815F41FEADCA3000A3391 /* InsetTextField.swift */,
				A55815F61FEAE28E000A3391 /* ShadowView.swift */,
				A59B1E351FEBF93A0086D827 /* FeedCell.swift */,
				A59B1E3B1FEC2CC20086D827 /* UserCell.swift */,
				A59B1E3D1FEC72BC0086D827 /* GroupCell.swift */,
				A59B1E411FEC91270086D827 /* GroupFeedCell.swift */,
			);
			path = View;
			sourceTree = "<group>";
		};
		A5D9CEA01FE9D50E002AF161 /* Model */ = {
			isa = PBXGroup;
			children = (
				A59B1E371FEBFB370086D827 /* Message.swift */,
				A59B1E3F1FEC854A0086D827 /* Group.swift */,
			);
			path = Model;
			sourceTree = "<group>";
		};
		A5D9CEA11FE9D523002AF161 /* Extensions */ = {
			isa = PBXGroup;
			children = (
				A55815FE1FEB30EE000A3391 /* UIViewExt.swift */,
			);
			path = Extensions;
			sourceTree = "<group>";
		};
		A5D9CEA21FE9D54B002AF161 /* Services */ = {
			isa = PBXGroup;
			children = (
				A5D9CEA51FE9DE99002AF161 /* DataService.swift */,
				A55815F81FEAE8BE000A3391 /* AuthService.swift */,
			);
			path = Services;
			sourceTree = "<group>";
		};
/* End PBXGroup section */

/* Begin PBXNativeTarget section */
		A5D9CE861FE9D461002AF161 /* breakpoint */ = {
			isa = PBXNativeTarget;
			buildConfigurationList = A5D9CE9B1FE9D461002AF161 /* Build configuration list for PBXNativeTarget "breakpoint" */;
			buildPhases = (
				94BD3E5E44CAEA2DD54B6F6D /* [CP] Check Pods Manifest.lock */,
				A5D9CE831FE9D461002AF161 /* Sources */,
				A5D9CE841FE9D461002AF161 /* Frameworks */,
				A5D9CE851FE9D461002AF161 /* Resources */,
				D1496306B3C47C572AD5AAF8 /* [CP] Embed Pods Frameworks */,
				0A48036F744029DB3D4B5BCA /* [CP] Copy Pods Resources */,
			);
			buildRules = (
			);
			dependencies = (
			);
			name = breakpoint;
			productName = breakpoint;
			productReference = A5D9CE871FE9D461002AF161 /* breakpoint.app */;
			productType = "com.apple.product-type.application";
		};
/* End PBXNativeTarget section */

/* Begin PBXProject section */
		A5D9CE7F1FE9D461002AF161 /* Project object */ = {
			isa = PBXProject;
			attributes = {
				LastSwiftUpdateCheck = 0920;
				LastUpgradeCheck = 0920;
				ORGANIZATIONNAME = "Donald Belliveau";
				TargetAttributes = {
					A5D9CE861FE9D461002AF161 = {
						CreatedOnToolsVersion = 9.2;
						ProvisioningStyle = Automatic;
					};
				};
			};
			buildConfigurationList = A5D9CE821FE9D461002AF161 /* Build configuration list for PBXProject "breakpoint" */;
			compatibilityVersion = "Xcode 8.0";
			developmentRegion = en;
			hasScannedForEncodings = 0;
			knownRegions = (
				en,
				Base,
			);
			mainGroup = A5D9CE7E1FE9D461002AF161;
			productRefGroup = A5D9CE881FE9D461002AF161 /* Products */;
			projectDirPath = "";
			projectRoot = "";
			targets = (
				A5D9CE861FE9D461002AF161 /* breakpoint */,
			);
		};
/* End PBXProject section */

/* Begin PBXResourcesBuildPhase section */
		A5D9CE851FE9D461002AF161 /* Resources */ = {
			isa = PBXResourcesBuildPhase;
			buildActionMask = 2147483647;
			files = (
				A5D9CE971FE9D461002AF161 /* LaunchScreen.storyboard in Resources */,
				A5D9CEA41FE9DB2A002AF161 /* GoogleService-Info.plist in Resources */,
				A5D9CE941FE9D461002AF161 /* Assets.xcassets in Resources */,
				A5D9CE921FE9D461002AF161 /* Main.storyboard in Resources */,
			);
			runOnlyForDeploymentPostprocessing = 0;
		};
/* End PBXResourcesBuildPhase section */

/* Begin PBXShellScriptBuildPhase section */
		0A48036F744029DB3D4B5BCA /* [CP] Copy Pods Resources */ = {
			isa = PBXShellScriptBuildPhase;
			buildActionMask = 2147483647;
			files = (
			);
			inputPaths = (
			);
			name = "[CP] Copy Pods Resources";
			outputPaths = (
			);
			runOnlyForDeploymentPostprocessing = 0;
			shellPath = /bin/sh;
			shellScript = "\"${SRCROOT}/Pods/Target Support Files/Pods-breakpoint/Pods-breakpoint-resources.sh\"\n";
			showEnvVarsInLog = 0;
		};
		94BD3E5E44CAEA2DD54B6F6D /* [CP] Check Pods Manifest.lock */ = {
			isa = PBXShellScriptBuildPhase;
			buildActionMask = 2147483647;
			files = (
			);
			inputPaths = (
			);
			name = "[CP] Check Pods Manifest.lock";
			outputPaths = (
			);
			runOnlyForDeploymentPostprocessing = 0;
			shellPath = /bin/sh;
			shellScript = "diff \"${PODS_ROOT}/../Podfile.lock\" \"${PODS_ROOT}/Manifest.lock\" > /dev/null\nif [ $? != 0 ] ; then\n    # print error to STDERR\n    echo \"error: The sandbox is not in sync with the Podfile.lock. Run 'pod install' or update your CocoaPods installation.\" >&2\n    exit 1\nfi\n";
			showEnvVarsInLog = 0;
		};
		D1496306B3C47C572AD5AAF8 /* [CP] Embed Pods Frameworks */ = {
			isa = PBXShellScriptBuildPhase;
			buildActionMask = 2147483647;
			files = (
			);
			inputPaths = (
			);
			name = "[CP] Embed Pods Frameworks";
			outputPaths = (
			);
			runOnlyForDeploymentPostprocessing = 0;
			shellPath = /bin/sh;
			shellScript = "\"${SRCROOT}/Pods/Target Support Files/Pods-breakpoint/Pods-breakpoint-frameworks.sh\"\n";
			showEnvVarsInLog = 0;
		};
/* End PBXShellScriptBuildPhase section */

/* Begin PBXSourcesBuildPhase section */
		A5D9CE831FE9D461002AF161 /* Sources */ = {
			isa = PBXSourcesBuildPhase;
			buildActionMask = 2147483647;
			files = (
				A55815FF1FEB30EE000A3391 /* UIViewExt.swift in Sources */,
				A59B1E361FEBF93A0086D827 /* FeedCell.swift in Sources */,
				A55815FB1FEB1EF3000A3391 /* MeVC.swift in Sources */,
				A59B1E3E1FEC72BC0086D827 /* GroupCell.swift in Sources */,
				A55815F11FEADAED000A3391 /* AuthVC.swift in Sources */,
				A59B1E441FEC91CD0086D827 /* GroupViewVC.swift in Sources */,
				A5D9CE8F1FE9D461002AF161 /* GroupsVC.swift in Sources */,
				A59B1E421FEC91270086D827 /* GroupFeedCell.swift in Sources */,
				A55815F31FEADBBF000A3391 /* LoginVC.swift in Sources */,
				A55815F91FEAE8BE000A3391 /* AuthService.swift in Sources */,
				A59B1E3A1FEC1E130086D827 /* CreateGroupsVC.swift in Sources */,
				A59B1E401FEC854A0086D827 /* Group.swift in Sources */,
				A59B1E3C1FEC2CC20086D827 /* UserCell.swift in Sources */,
				A5D9CE8B1FE9D461002AF161 /* AppDelegate.swift in Sources */,
				A55815F71FEAE28E000A3391 /* ShadowView.swift in Sources */,
				A55815FD1FEB28C8000A3391 /* CreatePostVC.swift in Sources */,
				A5D9CE8D1FE9D461002AF161 /* FeedVC.swift in Sources */,
				A55815F51FEADCA3000A3391 /* InsetTextField.swift in Sources */,
				A5D9CEA61FE9DE99002AF161 /* DataService.swift in Sources */,
				A59B1E381FEBFB370086D827 /* Message.swift in Sources */,
			);
			runOnlyForDeploymentPostprocessing = 0;
		};
/* End PBXSourcesBuildPhase section */

/* Begin PBXVariantGroup section */
		A5D9CE901FE9D461002AF161 /* Main.storyboard */ = {
			isa = PBXVariantGroup;
			children = (
				A5D9CE911FE9D461002AF161 /* Base */,
			);
			name = Main.storyboard;
			sourceTree = "<group>";
		};
		A5D9CE951FE9D461002AF161 /* LaunchScreen.storyboard */ = {
			isa = PBXVariantGroup;
			children = (
				A5D9CE961FE9D461002AF161 /* Base */,
			);
			name = LaunchScreen.storyboard;
			sourceTree = "<group>";
		};
/* End PBXVariantGroup section */

/* Begin XCBuildConfiguration section */
		A5D9CE991FE9D461002AF161 /* Debug */ = {
			isa = XCBuildConfiguration;
			buildSettings = {
				ALWAYS_SEARCH_USER_PATHS = NO;
				CLANG_ANALYZER_NONNULL = YES;
				CLANG_ANALYZER_NUMBER_OBJECT_CONVERSION = YES_AGGRESSIVE;
				CLANG_CXX_LANGUAGE_STANDARD = "gnu++14";
				CLANG_CXX_LIBRARY = "libc++";
				CLANG_ENABLE_MODULES = YES;
				CLANG_ENABLE_OBJC_ARC = YES;
				CLANG_WARN_BLOCK_CAPTURE_AUTORELEASING = YES;
				CLANG_WARN_BOOL_CONVERSION = YES;
				CLANG_WARN_COMMA = YES;
				CLANG_WARN_CONSTANT_CONVERSION = YES;
				CLANG_WARN_DIRECT_OBJC_ISA_USAGE = YES_ERROR;
				CLANG_WARN_DOCUMENTATION_COMMENTS = YES;
				CLANG_WARN_EMPTY_BODY = YES;
				CLANG_WARN_ENUM_CONVERSION = YES;
				CLANG_WARN_INFINITE_RECURSION = YES;
				CLANG_WARN_INT_CONVERSION = YES;
				CLANG_WARN_NON_LITERAL_NULL_CONVERSION = YES;
				CLANG_WARN_OBJC_LITERAL_CONVERSION = YES;
				CLANG_WARN_OBJC_ROOT_CLASS = YES_ERROR;
				CLANG_WARN_RANGE_LOOP_ANALYSIS = YES;
				CLANG_WARN_STRICT_PROTOTYPES = YES;
				CLANG_WARN_SUSPICIOUS_MOVE = YES;
				CLANG_WARN_UNGUARDED_AVAILABILITY = YES_AGGRESSIVE;
				CLANG_WARN_UNREACHABLE_CODE = YES;
				CLANG_WARN__DUPLICATE_METHOD_MATCH = YES;
				CODE_SIGN_IDENTITY = "iPhone Developer";
				COPY_PHASE_STRIP = NO;
				DEBUG_INFORMATION_FORMAT = dwarf;
				ENABLE_STRICT_OBJC_MSGSEND = YES;
				ENABLE_TESTABILITY = YES;
				GCC_C_LANGUAGE_STANDARD = gnu11;
				GCC_DYNAMIC_NO_PIC = NO;
				GCC_NO_COMMON_BLOCKS = YES;
				GCC_OPTIMIZATION_LEVEL = 0;
				GCC_PREPROCESSOR_DEFINITIONS = (
					"DEBUG=1",
					"$(inherited)",
				);
				GCC_WARN_64_TO_32_BIT_CONVERSION = YES;
				GCC_WARN_ABOUT_RETURN_TYPE = YES_ERROR;
				GCC_WARN_UNDECLARED_SELECTOR = YES;
				GCC_WARN_UNINITIALIZED_AUTOS = YES_AGGRESSIVE;
				GCC_WARN_UNUSED_FUNCTION = YES;
				GCC_WARN_UNUSED_VARIABLE = YES;
				IPHONEOS_DEPLOYMENT_TARGET = 11.2;
				MTL_ENABLE_DEBUG_INFO = YES;
				ONLY_ACTIVE_ARCH = YES;
				SDKROOT = iphoneos;
				SWIFT_ACTIVE_COMPILATION_CONDITIONS = DEBUG;
				SWIFT_OPTIMIZATION_LEVEL = "-Onone";
			};
			name = Debug;
		};
		A5D9CE9A1FE9D461002AF161 /* Release */ = {
			isa = XCBuildConfiguration;
			buildSettings = {
				ALWAYS_SEARCH_USER_PATHS = NO;
				CLANG_ANALYZER_NONNULL = YES;
				CLANG_ANALYZER_NUMBER_OBJECT_CONVERSION = YES_AGGRESSIVE;
				CLANG_CXX_LANGUAGE_STANDARD = "gnu++14";
				CLANG_CXX_LIBRARY = "libc++";
				CLANG_ENABLE_MODULES = YES;
				CLANG_ENABLE_OBJC_ARC = YES;
				CLANG_WARN_BLOCK_CAPTURE_AUTORELEASING = YES;
				CLANG_WARN_BOOL_CONVERSION = YES;
				CLANG_WARN_COMMA = YES;
				CLANG_WARN_CONSTANT_CONVERSION = YES;
				CLANG_WARN_DIRECT_OBJC_ISA_USAGE = YES_ERROR;
				CLANG_WARN_DOCUMENTATION_COMMENTS = YES;
				CLANG_WARN_EMPTY_BODY = YES;
				CLANG_WARN_ENUM_CONVERSION = YES;
				CLANG_WARN_INFINITE_RECURSION = YES;
				CLANG_WARN_INT_CONVERSION = YES;
				CLANG_WARN_NON_LITERAL_NULL_CONVERSION = YES;
				CLANG_WARN_OBJC_LITERAL_CONVERSION = YES;
				CLANG_WARN_OBJC_ROOT_CLASS = YES_ERROR;
				CLANG_WARN_RANGE_LOOP_ANALYSIS = YES;
				CLANG_WARN_STRICT_PROTOTYPES = YES;
				CLANG_WARN_SUSPICIOUS_MOVE = YES;
				CLANG_WARN_UNGUARDED_AVAILABILITY = YES_AGGRESSIVE;
				CLANG_WARN_UNREACHABLE_CODE = YES;
				CLANG_WARN__DUPLICATE_METHOD_MATCH = YES;
				CODE_SIGN_IDENTITY = "iPhone Developer";
				COPY_PHASE_STRIP = NO;
				DEBUG_INFORMATION_FORMAT = "dwarf-with-dsym";
				ENABLE_NS_ASSERTIONS = NO;
				ENABLE_STRICT_OBJC_MSGSEND = YES;
				GCC_C_LANGUAGE_STANDARD = gnu11;
				GCC_NO_COMMON_BLOCKS = YES;
				GCC_WARN_64_TO_32_BIT_CONVERSION = YES;
				GCC_WARN_ABOUT_RETURN_TYPE = YES_ERROR;
				GCC_WARN_UNDECLARED_SELECTOR = YES;
				GCC_WARN_UNINITIALIZED_AUTOS = YES_AGGRESSIVE;
				GCC_WARN_UNUSED_FUNCTION = YES;
				GCC_WARN_UNUSED_VARIABLE = YES;
				IPHONEOS_DEPLOYMENT_TARGET = 11.2;
				MTL_ENABLE_DEBUG_INFO = NO;
				SDKROOT = iphoneos;
				SWIFT_OPTIMIZATION_LEVEL = "-Owholemodule";
				VALIDATE_PRODUCT = YES;
			};
			name = Release;
		};
		A5D9CE9C1FE9D461002AF161 /* Debug */ = {
			isa = XCBuildConfiguration;
			baseConfigurationReference = ABD3EB7E9C3DFD53C816401A /* Pods-breakpoint.debug.xcconfig */;
			buildSettings = {
				ASSETCATALOG_COMPILER_APPICON_NAME = AppIcon;
				CODE_SIGN_STYLE = Automatic;
				DEVELOPMENT_TEAM = 8W7FS3KU9E;
				INFOPLIST_FILE = breakpoint/Info.plist;
				LD_RUNPATH_SEARCH_PATHS = "$(inherited) @executable_path/Frameworks";
				PRODUCT_BUNDLE_IDENTIFIER = com.donaldbelliveau.breakpoint;
				PRODUCT_NAME = "$(TARGET_NAME)";
				SWIFT_VERSION = 4.0;
				TARGETED_DEVICE_FAMILY = "1,2";
			};
			name = Debug;
		};
		A5D9CE9D1FE9D461002AF161 /* Release */ = {
			isa = XCBuildConfiguration;
			baseConfigurationReference = 4BCBE80BC9BA4A29242E95D2 /* Pods-breakpoint.release.xcconfig */;
			buildSettings = {
				ASSETCATALOG_COMPILER_APPICON_NAME = AppIcon;
				CODE_SIGN_STYLE = Automatic;
				DEVELOPMENT_TEAM = 8W7FS3KU9E;
				INFOPLIST_FILE = breakpoint/Info.plist;
				LD_RUNPATH_SEARCH_PATHS = "$(inherited) @executable_path/Frameworks";
				PRODUCT_BUNDLE_IDENTIFIER = com.donaldbelliveau.breakpoint;
				PRODUCT_NAME = "$(TARGET_NAME)";
				SWIFT_VERSION = 4.0;
				TARGETED_DEVICE_FAMILY = "1,2";
			};
			name = Release;
		};
/* End XCBuildConfiguration section */

/* Begin XCConfigurationList section */
		A5D9CE821FE9D461002AF161 /* Build configuration list for PBXProject "breakpoint" */ = {
			isa = XCConfigurationList;
			buildConfigurations = (
				A5D9CE991FE9D461002AF161 /* Debug */,
				A5D9CE9A1FE9D461002AF161 /* Release */,
			);
			defaultConfigurationIsVisible = 0;
			defaultConfigurationName = Release;
		};
		A5D9CE9B1FE9D461002AF161 /* Build configuration list for PBXNativeTarget "breakpoint" */ = {
			isa = XCConfigurationList;
			buildConfigurations = (
				A5D9CE9C1FE9D461002AF161 /* Debug */,
				A5D9CE9D1FE9D461002AF161 /* Release */,
			);
			defaultConfigurationIsVisible = 0;
			defaultConfigurationName = Release;
		};
/* End XCConfigurationList section */
	};
	rootObject = A5D9CE7F1FE9D461002AF161 /* Project object */;
}
